
Microsoft Visual Studio Solution File, Format Version 12.00
# Visual Studio 14
VisualStudioVersion = 14.0.25420.1
MinimumVisualStudioVersion = 10.0.40219.1
Project("{FAE04EC0-301F-11D3-BF4B-00C04F79EFBC}") = "AlexaSkillProject.Domain", "AlexaSkillProject.Domain\AlexaSkillProject.Domain.csproj", "{A482121F-3175-4419-B2C7-81C4024A4FE0}"
EndProject
Project("{FAE04EC0-301F-11D3-BF4B-00C04F79EFBC}") = "AlexaSkillProject.WebApp", "AlexaSkillProject.WebApp\AlexaSkillProject.WebApp.csproj", "{08031096-20C2-4142-B918-04FE93BB814F}"
EndProject
Project("{FAE04EC0-301F-11D3-BF4B-00C04F79EFBC}") = "AlexaSkillProject.WebApp.Tests", "AlexaSkillProject.WebApp.Tests\AlexaSkillProject.WebApp.Tests.csproj", "{19DE4102-1ACF-4BB7-905C-52AAFBF23747}"
EndProject
Project("{FAE04EC0-301F-11D3-BF4B-00C04F79EFBC}") = "AlexaSkillProject.Core", "AlexaSkillProject.Core\AlexaSkillProject.Core.csproj", "{FE53974A-4155-4044-91FB-412E9DF3E170}"
EndProject
Project("{FAE04EC0-301F-11D3-BF4B-00C04F79EFBC}") = "AlexaSkillProject.Repository", "AlexaSkillProject.Repository\AlexaSkillProject.Repository.csproj", "{13CFA573-6AC4-49E1-AAB2-11E82C9687BC}"
EndProject
Project("{FAE04EC0-301F-11D3-BF4B-00C04F79EFBC}") = "AlexaSkillProject.Services", "AlexaSkillProject.Services\AlexaSkillProject.Services.csproj", "{C89056EF-76EA-4589-8253-3A713EFEBC03}"
EndProject
Project("{FAE04EC0-301F-11D3-BF4B-00C04F79EFBC}") = "AlexaSkillProject.Services.Test", "AlexaSkillProject.Services.Test\AlexaSkillProject.Services.Test.csproj", "{031547C6-0732-40B2-9A61-5DAAD82A0C0D}"
EndProject
Project("{FAE04EC0-301F-11D3-BF4B-00C04F79EFBC}") = "AlexaSkillProject.TestHelpers", "AlexaSkillProject.TestHelpers\AlexaSkillProject.TestHelpers.csproj", "{E2DD7E36-233C-4E9A-B0D1-67F3875D005F}"
EndProject
Project("{2150E333-8FDC-42A3-9474-1A3956D46DE8}") = "Solution Items", "Solution Items", "{30546C55-56BD-49AB-AF75-F9C772E4008D}"
	ProjectSection(SolutionItems) = preProject
		README.md = README.md
	EndProjectSection
EndProject
Global
	GlobalSection(SolutionConfigurationPlatforms) = preSolution
		Debug|Any CPU = Debug|Any CPU
		Release|Any CPU = Release|Any CPU
	EndGlobalSection
	GlobalSection(ProjectConfigurationPlatforms) = postSolution
		{A482121F-3175-4419-B2C7-81C4024A4FE0}.Debug|Any CPU.ActiveCfg = Debug|Any CPU
		{A482121F-3175-4419-B2C7-81C4024A4FE0}.Debug|Any CPU.Build.0 = Debug|Any CPU
		{A482121F-3175-4419-B2C7-81C4024A4FE0}.Release|Any CPU.ActiveCfg = Release|Any CPU
		{A482121F-3175-4419-B2C7-81C4024A4FE0}.Release|Any CPU.Build.0 = Release|Any CPU
		{08031096-20C2-4142-B918-04FE93BB814F}.Debug|Any CPU.ActiveCfg = Debug|Any CPU
		{08031096-20C2-4142-B918-04FE93BB814F}.Debug|Any CPU.Build.0 = Debug|Any CPU
		{08031096-20C2-4142-B918-04FE93BB814F}.Release|Any CPU.ActiveCfg = Release|Any CPU
		{08031096-20C2-4142-B918-04FE93BB814F}.Release|Any CPU.Build.0 = Release|Any CPU
		{19DE4102-1ACF-4BB7-905C-52AAFBF23747}.Debug|Any CPU.ActiveCfg = Debug|Any CPU
		{19DE4102-1ACF-4BB7-905C-52AAFBF23747}.Debug|Any CPU.Build.0 = Debug|Any CPU
		{19DE4102-1ACF-4BB7-905C-52AAFBF23747}.Release|Any CPU.ActiveCfg = Release|Any CPU
		{19DE4102-1ACF-4BB7-905C-52AAFBF23747}.Release|Any CPU.Build.0 = Release|Any CPU
		{FE53974A-4155-4044-91FB-412E9DF3E170}.Debug|Any CPU.ActiveCfg = Debug|Any CPU
		{FE53974A-4155-4044-91FB-412E9DF3E170}.Debug|Any CPU.Build.0 = Debug|Any CPU
		{FE53974A-4155-4044-91FB-412E9DF3E170}.Release|Any CPU.ActiveCfg = Release|Any CPU
		{FE53974A-4155-4044-91FB-412E9DF3E170}.Release|Any CPU.Build.0 = Release|Any CPU
		{13CFA573-6AC4-49E1-AAB2-11E82C9687BC}.Debug|Any CPU.ActiveCfg = Debug|Any CPU
		{13CFA573-6AC4-49E1-AAB2-11E82C9687BC}.Debug|Any CPU.Build.0 = Debug|Any CPU
		{13CFA573-6AC4-49E1-AAB2-11E82C9687BC}.Release|Any CPU.ActiveCfg = Release|Any CPU
		{13CFA573-6AC4-49E1-AAB2-11E82C9687BC}.Release|Any CPU.Build.0 = Release|Any CPU
		{C89056EF-76EA-4589-8253-3A713EFEBC03}.Debug|Any CPU.ActiveCfg = Debug|Any CPU
		{C89056EF-76EA-4589-8253-3A713EFEBC03}.Debug|Any CPU.Build.0 = Debug|Any CPU
		{C89056EF-76EA-4589-8253-3A713EFEBC03}.Release|Any CPU.ActiveCfg = Release|Any CPU
		{C89056EF-76EA-4589-8253-3A713EFEBC03}.Release|Any CPU.Build.0 = Release|Any CPU
		{031547C6-0732-40B2-9A61-5DAAD82A0C0D}.Debug|Any CPU.ActiveCfg = Debug|Any CPU
		{031547C6-0732-40B2-9A61-5DAAD82A0C0D}.Debug|Any CPU.Build.0 = Debug|Any CPU
		{031547C6-0732-40B2-9A61-5DAAD82A0C0D}.Release|Any CPU.ActiveCfg = Release|Any CPU
		{031547C6-0732-40B2-9A61-5DAAD82A0C0D}.Release|Any CPU.Build.0 = Release|Any CPU
		{E2DD7E36-233C-4E9A-B0D1-67F3875D005F}.Debug|Any CPU.ActiveCfg = Debug|Any CPU
		{E2DD7E36-233C-4E9A-B0D1-67F3875D005F}.Debug|Any CPU.Build.0 = Debug|Any CPU
		{E2DD7E36-233C-4E9A-B0D1-67F3875D005F}.Release|Any CPU.ActiveCfg = Release|Any CPU
		{E2DD7E36-233C-4E9A-B0D1-67F3875D005F}.Release|Any CPU.Build.0 = Release|Any CPU
	EndGlobalSection
	GlobalSection(SolutionProperties) = preSolution
		HideSolutionNode = FALSE
	EndGlobalSection
EndGlobal
